github.com/MOHC-LTD/shopify v1.21.0 h1:nkVdomjhg77OGvEFON708Pu3PzTgLUhOz1IkRhJ6OKU=
github.com/MOHC-LTD/shopify v1.21.0/go.mod h1:ZqEEOCrFlhlQxqxzpfE9lah5uvjiGQNvcGERxaTACPQ=
github.com/MOHC-LTD/shopify v1.25.0 h1:zq7HqGGF38YD3ynU0T1MYeQFaWIaWAZ0euB4dil0cvw=
github.com/MOHC-LTD/shopify v1.25.0/go.mod h1:3+7WdQJy9OI9GSa2vbh+WM4QHJDohehOfZYpOSbUgyg=
github.com/jaswdr/faker v1.15.0/go.mod h1:x7ZlyB1AZqwqKZgyQlnqEG8FDptmHlncA5u2zY/yi6w=
golang.org/x/time v0.0.0-20210611083556-38a9dc6acbc6 h1:Vv0JUPWTyeqUq42B2WJ1FeIDjjvGKoA2Ss+Ts0lAVbs=
golang.org/x/time v0.0.0-20210611083556-38a9dc6acbc6/go.mod h1:tRJNPiyCQ0inRvYxbN9jk5I+vvW/OXSQhTDSoE431IQ=
