github.com/MOHC-LTD/shopify v1.2.0 h1:tzfGoC+3dkSocOJZ5aGf+E5VcKQg1IfQTNZOfYjfEng=
github.com/MOHC-LTD/shopify v1.2.0/go.mod h1:ZqEEOCrFlhlQxqxzpfE9lah5uvjiGQNvcGERxaTACPQ=
github.com/MOHC-LTD/shopify v1.3.0 h1:Aid4nbI3y0CAOMryp6iWR31y8pM5mEUVzt2MTH46B0w=
github.com/MOHC-LTD/shopify v1.3.0/go.mod h1:ZqEEOCrFlhlQxqxzpfE9lah5uvjiGQNvcGERxaTACPQ=
github.com/MOHC-LTD/shopify v1.3.1 h1:eULSJ3bSEych5AFs5VxgQecRDM2J1qc+Uk+Y6/DY4Gc=
github.com/MOHC-LTD/shopify v1.3.1/go.mod h1:ZqEEOCrFlhlQxqxzpfE9lah5uvjiGQNvcGERxaTACPQ=
github.com/MOHC-LTD/shopify v1.4.0 h1:TfR9KV3TY2VytHt15NlrYZHn1OEsAGox7qyIDGH4MHw=
github.com/MOHC-LTD/shopify v1.4.0/go.mod h1:ZqEEOCrFlhlQxqxzpfE9lah5uvjiGQNvcGERxaTACPQ=
github.com/MOHC-LTD/shopify v1.6.0 h1:e0POgc4WSgkjgOkJBLZ8d0ynY/Y1wp+Pxwem8fqZIOE=
github.com/MOHC-LTD/shopify v1.6.0/go.mod h1:ZqEEOCrFlhlQxqxzpfE9lah5uvjiGQNvcGERxaTACPQ=
github.com/MOHC-LTD/shopify v1.7.1 h1:yIbziu70N5qNu6O8ccHIOdXLhVb1D+T8+DphGWljikQ=
github.com/MOHC-LTD/shopify v1.7.1/go.mod h1:ZqEEOCrFlhlQxqxzpfE9lah5uvjiGQNvcGERxaTACPQ=
github.com/MOHC-LTD/shopify v1.8.0 h1:+hTi4iuuJolnXkux+NeTzpXzuB1Gv5y385hit7z2cgk=
github.com/MOHC-LTD/shopify v1.8.0/go.mod h1:ZqEEOCrFlhlQxqxzpfE9lah5uvjiGQNvcGERxaTACPQ=
github.com/MOHC-LTD/shopify v1.9.0 h1:nTJSvkKnCDhc2KAG9kzWdszpf8CZSuiwDxWe/yNIbJI=
github.com/MOHC-LTD/shopify v1.9.0/go.mod h1:ZqEEOCrFlhlQxqxzpfE9lah5uvjiGQNvcGERxaTACPQ=

